
Microsoft Visual Studio Solution File, Format Version 12.00
# Visual Studio Version 17
VisualStudioVersion = 17.14.36429.23 d17.14
MinimumVisualStudioVersion = 10.0.40219.1
Project("{FAE04EC0-301F-11D3-BF4B-00C04F79EFBC}") = "TarefasPessoais", "TarefasPessoais\TarefasPessoais.csproj", "{171B8869-2F4B-4A47-B250-49113989FAF1}"
EndProject
Global
	GlobalSection(SolutionConfigurationPlatforms) = preSolution
		Debug|Any CPU = Debug|Any CPU
		Release|Any CPU = Release|Any CPU
	EndGlobalSection
	GlobalSection(ProjectConfigurationPlatforms) = postSolution
		{171B8869-2F4B-4A47-B250-49113989FAF1}.Debug|Any CPU.ActiveCfg = Debug|Any CPU
		{171B8869-2F4B-4A47-B250-49113989FAF1}.Debug|Any CPU.Build.0 = Debug|Any CPU
		{171B8869-2F4B-4A47-B250-49113989FAF1}.Release|Any CPU.ActiveCfg = Release|Any CPU
		{171B8869-2F4B-4A47-B250-49113989FAF1}.Release|Any CPU.Build.0 = Release|Any CPU
	EndGlobalSection
	GlobalSection(SolutionProperties) = preSolution
		HideSolutionNode = FALSE
	EndGlobalSection
	GlobalSection(ExtensibilityGlobals) = postSolution
		SolutionGuid = {D890A5AB-F036-43FC-86EB-A0C1BA94E3B8}
	EndGlobalSection
EndGlobal
